
Microsoft Visual Studio Solution File, Format Version 12.00
# Visual Studio Version 16
VisualStudioVersion = 16.0.31624.102
MinimumVisualStudioVersion = 10.0.40219.1
Project("{9A19103F-16F7-4668-BE54-9A1E7A4F7556}") = "NETCore", "NETCore\NETCore.csproj", "{9691A4FF-6446-44EA-A10E-0028069A2002}"
EndProject
Global
	GlobalSection(SolutionConfigurationPlatforms) = preSolution
		Debug|Any CPU = Debug|Any CPU
		Release|Any CPU = Release|Any CPU
	EndGlobalSection
	GlobalSection(ProjectConfigurationPlatforms) = postSolution
		{9691A4FF-6446-44EA-A10E-0028069A2002}.Debug|Any CPU.ActiveCfg = Debug|Any CPU
		{9691A4FF-6446-44EA-A10E-0028069A2002}.Debug|Any CPU.Build.0 = Debug|Any CPU
		{9691A4FF-6446-44EA-A10E-0028069A2002}.Release|Any CPU.ActiveCfg = Release|Any CPU
		{9691A4FF-6446-44EA-A10E-0028069A2002}.Release|Any CPU.Build.0 = Release|Any CPU
	EndGlobalSection
	GlobalSection(SolutionProperties) = preSolution
		HideSolutionNode = FALSE
	EndGlobalSection
	GlobalSection(ExtensibilityGlobals) = postSolution
		SolutionGuid = {D7A18228-D0ED-4A6A-BD88-CD40CF31BABC}
	EndGlobalSection
EndGlobal
